{
  "name": "socket_io",
  "version": "1.0.0",
  "lockfileVersion": 3,
  "requires": true,
  "packages": {
    "": {
      "name": "socket_io",
      "version": "1.0.0",
      "license": "ISC",
      "dependencies": {
        "socket_io": "^1.0.0"
      }
    },
    "node_modules/socket_io": {
      "version": "1.0.0",
      "resolved": "https://registry.npmjs.org/socket_io/-/socket_io-1.0.0.tgz",
      "integrity": "sha512-Yza5nf+uSubxJhODr74O23yL+rVY3WJZmgNKmyrOYJMMsRxK9gqR1DSp4Gr1ahyHQfCv4Nh2KYEHgu0p7vEWWA==",
      "license": "ISC"
    }
  }
}
